
Microsoft Visual Studio Solution File, Format Version 12.00
# Visual Studio 2013
VisualStudioVersion = 12.0.31101.0
MinimumVisualStudioVersion = 10.0.40219.1
Project("{FAE04EC0-301F-11D3-BF4B-00C04F79EFBC}") = "ProteinTrackerWebServicesNoSessions", "ProteinTrackerWebServicesNoSessions\ProteinTrackerWebServicesNoSessions.csproj", "{7E52DB3E-26AF-42D4-98AA-1AB0A193D8C3}"
EndProject
Global
	GlobalSection(SolutionConfigurationPlatforms) = preSolution
		Debug|Any CPU = Debug|Any CPU
		Release|Any CPU = Release|Any CPU
	EndGlobalSection
	GlobalSection(ProjectConfigurationPlatforms) = postSolution
		{7E52DB3E-26AF-42D4-98AA-1AB0A193D8C3}.Debug|Any CPU.ActiveCfg = Debug|Any CPU
		{7E52DB3E-26AF-42D4-98AA-1AB0A193D8C3}.Debug|Any CPU.Build.0 = Debug|Any CPU
		{7E52DB3E-26AF-42D4-98AA-1AB0A193D8C3}.Release|Any CPU.ActiveCfg = Release|Any CPU
		{7E52DB3E-26AF-42D4-98AA-1AB0A193D8C3}.Release|Any CPU.Build.0 = Release|Any CPU
	EndGlobalSection
	GlobalSection(SolutionProperties) = preSolution
		HideSolutionNode = FALSE
	EndGlobalSection
EndGlobal
